
Microsoft Visual Studio Solution File, Format Version 12.00
# Visual Studio Version 17
VisualStudioVersion = 17.0.31903.59
MinimumVisualStudioVersion = 10.0.40219.1
Project("{2150E333-8FDC-42A3-9474-1A3956D46DE8}") = "src", "src", "{C5B95597-6F90-4A5B-AFBE-94E7621680FC}"
EndProject
Project("{FAE04EC0-301F-11D3-BF4B-00C04F79EFBC}") = "OPS.Domain", "src\OPS.Domain\OPS.Domain.csproj", "{D6760B7E-1E12-4F21-86B2-5DE8D6B17605}"
EndProject
Project("{FAE04EC0-301F-11D3-BF4B-00C04F79EFBC}") = "OPS.Application", "src\OPS.Application\OPS.Application.csproj", "{7F2ABAE0-7F91-4FE8-BC59-EAAB664AE70C}"
EndProject
Project("{FAE04EC0-301F-11D3-BF4B-00C04F79EFBC}") = "OPS.Database", "src\OPS.Database\OPS.Database.csproj", "{AC9E6337-44C3-43C2-8F73-A2EAE99C494F}"
EndProject
Project("{FAE04EC0-301F-11D3-BF4B-00C04F79EFBC}") = "OPS.Web", "src\OPS.Web\OPS.Web.csproj", "{76454E5F-3922-49EC-8AB2-6F9CEBA82A01}"
EndProject
Project("{FAE04EC0-301F-11D3-BF4B-00C04F79EFBC}") = "OPS.BackgroundServices", "src\OPS.BackgroundServices\OPS.BackgroundServices.csproj", "{995694BD-AEC4-4D67-B6EF-CB62C05CF526}"
EndProject
Project("{2150E333-8FDC-42A3-9474-1A3956D46DE8}") = "tests", "tests", "{AED9815F-F946-4BF4-A2B6-9D1D060AAA29}"
EndProject
Project("{FAE04EC0-301F-11D3-BF4B-00C04F79EFBC}") = "OPS.UnitTests", "tests\OPS.UnitTests\OPS.UnitTests.csproj", "{63A1D5DB-EA66-4763-B0D5-2A3247F0B140}"
EndProject
Project("{FAE04EC0-301F-11D3-BF4B-00C04F79EFBC}") = "OPS.IntegrationTests", "tests\OPS.IntegrationTests\OPS.IntegrationTests.csproj", "{58233B77-95A3-4B62-957C-C5B231664122}"
EndProject
Global
	GlobalSection(SolutionConfigurationPlatforms) = preSolution
		Debug|Any CPU = Debug|Any CPU
		Release|Any CPU = Release|Any CPU
	EndGlobalSection
	GlobalSection(SolutionProperties) = preSolution
		HideSolutionNode = FALSE
	EndGlobalSection
	GlobalSection(ProjectConfigurationPlatforms) = postSolution
		{D6760B7E-1E12-4F21-86B2-5DE8D6B17605}.Debug|Any CPU.ActiveCfg = Debug|Any CPU
		{D6760B7E-1E12-4F21-86B2-5DE8D6B17605}.Debug|Any CPU.Build.0 = Debug|Any CPU
		{D6760B7E-1E12-4F21-86B2-5DE8D6B17605}.Release|Any CPU.ActiveCfg = Release|Any CPU
		{D6760B7E-1E12-4F21-86B2-5DE8D6B17605}.Release|Any CPU.Build.0 = Release|Any CPU
		{7F2ABAE0-7F91-4FE8-BC59-EAAB664AE70C}.Debug|Any CPU.ActiveCfg = Debug|Any CPU
		{7F2ABAE0-7F91-4FE8-BC59-EAAB664AE70C}.Debug|Any CPU.Build.0 = Debug|Any CPU
		{7F2ABAE0-7F91-4FE8-BC59-EAAB664AE70C}.Release|Any CPU.ActiveCfg = Release|Any CPU
		{7F2ABAE0-7F91-4FE8-BC59-EAAB664AE70C}.Release|Any CPU.Build.0 = Release|Any CPU
		{AC9E6337-44C3-43C2-8F73-A2EAE99C494F}.Debug|Any CPU.ActiveCfg = Debug|Any CPU
		{AC9E6337-44C3-43C2-8F73-A2EAE99C494F}.Debug|Any CPU.Build.0 = Debug|Any CPU
		{AC9E6337-44C3-43C2-8F73-A2EAE99C494F}.Release|Any CPU.ActiveCfg = Release|Any CPU
		{AC9E6337-44C3-43C2-8F73-A2EAE99C494F}.Release|Any CPU.Build.0 = Release|Any CPU
		{76454E5F-3922-49EC-8AB2-6F9CEBA82A01}.Debug|Any CPU.ActiveCfg = Debug|Any CPU
		{76454E5F-3922-49EC-8AB2-6F9CEBA82A01}.Debug|Any CPU.Build.0 = Debug|Any CPU
		{76454E5F-3922-49EC-8AB2-6F9CEBA82A01}.Release|Any CPU.ActiveCfg = Release|Any CPU
		{76454E5F-3922-49EC-8AB2-6F9CEBA82A01}.Release|Any CPU.Build.0 = Release|Any CPU
		{995694BD-AEC4-4D67-B6EF-CB62C05CF526}.Debug|Any CPU.ActiveCfg = Debug|Any CPU
		{995694BD-AEC4-4D67-B6EF-CB62C05CF526}.Debug|Any CPU.Build.0 = Debug|Any CPU
		{995694BD-AEC4-4D67-B6EF-CB62C05CF526}.Release|Any CPU.ActiveCfg = Release|Any CPU
		{995694BD-AEC4-4D67-B6EF-CB62C05CF526}.Release|Any CPU.Build.0 = Release|Any CPU
		{63A1D5DB-EA66-4763-B0D5-2A3247F0B140}.Debug|Any CPU.ActiveCfg = Debug|Any CPU
		{63A1D5DB-EA66-4763-B0D5-2A3247F0B140}.Debug|Any CPU.Build.0 = Debug|Any CPU
		{63A1D5DB-EA66-4763-B0D5-2A3247F0B140}.Release|Any CPU.ActiveCfg = Release|Any CPU
		{63A1D5DB-EA66-4763-B0D5-2A3247F0B140}.Release|Any CPU.Build.0 = Release|Any CPU
		{58233B77-95A3-4B62-957C-C5B231664122}.Debug|Any CPU.ActiveCfg = Debug|Any CPU
		{58233B77-95A3-4B62-957C-C5B231664122}.Debug|Any CPU.Build.0 = Debug|Any CPU
		{58233B77-95A3-4B62-957C-C5B231664122}.Release|Any CPU.ActiveCfg = Release|Any CPU
		{58233B77-95A3-4B62-957C-C5B231664122}.Release|Any CPU.Build.0 = Release|Any CPU
	EndGlobalSection
	GlobalSection(NestedProjects) = preSolution
		{D6760B7E-1E12-4F21-86B2-5DE8D6B17605} = {C5B95597-6F90-4A5B-AFBE-94E7621680FC}
		{7F2ABAE0-7F91-4FE8-BC59-EAAB664AE70C} = {C5B95597-6F90-4A5B-AFBE-94E7621680FC}
		{AC9E6337-44C3-43C2-8F73-A2EAE99C494F} = {C5B95597-6F90-4A5B-AFBE-94E7621680FC}
		{76454E5F-3922-49EC-8AB2-6F9CEBA82A01} = {C5B95597-6F90-4A5B-AFBE-94E7621680FC}
		{995694BD-AEC4-4D67-B6EF-CB62C05CF526} = {C5B95597-6F90-4A5B-AFBE-94E7621680FC}
		{63A1D5DB-EA66-4763-B0D5-2A3247F0B140} = {AED9815F-F946-4BF4-A2B6-9D1D060AAA29}
		{58233B77-95A3-4B62-957C-C5B231664122} = {AED9815F-F946-4BF4-A2B6-9D1D060AAA29}
	EndGlobalSection
EndGlobal
